
Microsoft Visual Studio Solution File, Format Version 12.00
# Visual Studio Version 17
VisualStudioVersion = 17.7.34031.279
MinimumVisualStudioVersion = 10.0.40219.1
Project("{FAE04EC0-301F-11D3-BF4B-00C04F79EFBC}") = "Urlize_back", "Urlize_back.csproj", "{36C398AA-785B-476B-A4CA-88DCF0C0E6F6}"
EndProject
Global
	GlobalSection(SolutionConfigurationPlatforms) = preSolution
		Debug|Any CPU = Debug|Any CPU
		Release|Any CPU = Release|Any CPU
	EndGlobalSection
	GlobalSection(ProjectConfigurationPlatforms) = postSolution
		{36C398AA-785B-476B-A4CA-88DCF0C0E6F6}.Debug|Any CPU.ActiveCfg = Debug|Any CPU
		{36C398AA-785B-476B-A4CA-88DCF0C0E6F6}.Debug|Any CPU.Build.0 = Debug|Any CPU
		{36C398AA-785B-476B-A4CA-88DCF0C0E6F6}.Release|Any CPU.ActiveCfg = Release|Any CPU
		{36C398AA-785B-476B-A4CA-88DCF0C0E6F6}.Release|Any CPU.Build.0 = Release|Any CPU
	EndGlobalSection
	GlobalSection(SolutionProperties) = preSolution
		HideSolutionNode = FALSE
	EndGlobalSection
	GlobalSection(ExtensibilityGlobals) = postSolution
		SolutionGuid = {348C46E6-AE63-4BDD-9A61-0EFAD2A910D9}
	EndGlobalSection
EndGlobal
